
Microsoft Visual Studio Solution File, Format Version 12.00
# Visual Studio Version 16
VisualStudioVersion = 16.0.34114.132
MinimumVisualStudioVersion = 10.0.40219.1
Project("{FAE04EC0-301F-11D3-BF4B-00C04F79EFBC}") = "DKFuni_MVC", "DKFuni_MVC.csproj", "{8ED9814A-25E1-473D-87B6-887B1C09F377}"
EndProject
Global
	GlobalSection(SolutionConfigurationPlatforms) = preSolution
		Debug|Any CPU = Debug|Any CPU
		Release|Any CPU = Release|Any CPU
	EndGlobalSection
	GlobalSection(ProjectConfigurationPlatforms) = postSolution
		{8ED9814A-25E1-473D-87B6-887B1C09F377}.Debug|Any CPU.ActiveCfg = Debug|Any CPU
		{8ED9814A-25E1-473D-87B6-887B1C09F377}.Debug|Any CPU.Build.0 = Debug|Any CPU
		{8ED9814A-25E1-473D-87B6-887B1C09F377}.Release|Any CPU.ActiveCfg = Release|Any CPU
		{8ED9814A-25E1-473D-87B6-887B1C09F377}.Release|Any CPU.Build.0 = Release|Any CPU
	EndGlobalSection
	GlobalSection(SolutionProperties) = preSolution
		HideSolutionNode = FALSE
	EndGlobalSection
	GlobalSection(ExtensibilityGlobals) = postSolution
		SolutionGuid = {5C705943-C570-4E5D-8EBC-0F43530A6286}
	EndGlobalSection
EndGlobal
